# DO NOT EDIT MANUALLY - Managed by Fern Replay
version: "1.0"
generations:
  - commit_sha: cbc90a1ffcb566d7043d1cba465f073a6b8ce366
    tree_hash: e7bda76058cf40a54e5b9109ef48c7cfecb41eb9
    timestamp: 2026-09-24T13:41:08.819Z
    cli_version: unknown
    generator_versions: {}
current_generation: cbc90a1ffcb566d7043d1cba465f073a6b8ce366
patches: []
