# DO NOT EDIT MANUALLY - Managed by Fern Replay
version: "1.0"
generations:
  - commit_sha: 172f04040be8e0376f89b161b5af631a01d24ad5
    tree_hash: a350facc1938c7cde11bc20a83e2bdfce1f555b9
    timestamp: 2026-05-22T15:54:57.808Z
    cli_version: unknown
    generator_versions: {}
current_generation: 172f04040be8e0376f89b161b5af631a01d24ad5
patches: []
